lockfileVersion: '9.0'

settings:
  autoInstallPeers: true
  excludeLinksFromLockfile: false

importers:

  .:
    dependencies:
      commander:
        specifier: ^14.0.0
        version: 14.0.0
      js-yaml:
        specifier: ^4.1.0
        version: 4.1.0
    devDependencies:
      '@types/commander':
        specifier: ^2.12.0
        version: 2.12.5
      '@types/js-yaml':
        specifier: ^4.0.9
        version: 4.0.9
      '@types/node':
        specifier: ^22.15.24
        version: 22.15.24
      typescript:
        specifier: ^5.8.3
        version: 5.8.3

packages:

  '@types/commander@2.12.5':
    resolution: {integrity: sha512-YXGZ/rz+s57VbzcvEV9fUoXeJlBt5HaKu5iUheiIWNsJs23bz6AnRuRiZBRVBLYyPnixNvVnuzM5pSaxr8Yp/g==}
    deprecated: This is a stub types definition. commander provides its own type definitions, so you do not need this installed.

  '@types/js-yaml@4.0.9':
    resolution: {integrity: sha512-k4MGaQl5TGo/iipqb2UDG2UwjXziSWkh0uysQelTlJpX1qGlpUZYm8PnO4DxG1qBomtJUdYJ6qR6xdIah10JLg==}

  '@types/node@22.15.24':
    resolution: {integrity: sha512-w9CZGm9RDjzTh/D+hFwlBJ3ziUaVw7oufKA3vOFSOZlzmW9AkZnfjPb+DLnrV6qtgL/LNmP0/2zBNCFHL3F0ng==}

  argparse@2.0.1:
    resolution: {integrity: sha512-8+9WqebbFzpX9OR+Wa6O29asIogeRMzcGtAINdpMHHyAg10f05aSFVBbcEqGf/PXw1EjAZ+q2/bEBg3DvurK3Q==}

  commander@14.0.0:
    resolution: {integrity: sha512-2uM9rYjPvyq39NwLRqaiLtWHyDC1FvryJDa2ATTVims5YAS4PupsEQsDvP14FqhFr0P49CYDugi59xaxJlTXRA==}
    engines: {node: '>=20'}

  js-yaml@4.1.0:
    resolution: {integrity: sha512-wpxZs9NoxZaJESJGIZTyDEaYpl0FKSA+FB9aJiyemKhMwkxQg63h4T1KJgUGHpTqPDNRcmmYLugrRjJlBtWvRA==}
    hasBin: true

  typescript@5.8.3:
    resolution: {integrity: sha512-p1diW6TqL9L07nNxvRMM7hMMw4c5XOo/1ibL4aAIGmSAt9slTE1Xgw5KWuof2uTOvCg9BY7ZRi+GaF+7sfgPeQ==}
    engines: {node: '>=14.17'}
    hasBin: true

  undici-types@6.21.0:
    resolution: {integrity: sha512-iwDZqg0QAGrg9Rav5H4n0M64c3mkR59cJ6wQp+7C4nI0gsmExaedaYLNO44eT4AtBBwjbTiGPMlt2Md0T9H9JQ==}

snapshots:

  '@types/commander@2.12.5':
    dependencies:
      commander: 14.0.0

  '@types/js-yaml@4.0.9': {}

  '@types/node@22.15.24':
    dependencies:
      undici-types: 6.21.0

  argparse@2.0.1: {}

  commander@14.0.0: {}

  js-yaml@4.1.0:
    dependencies:
      argparse: 2.0.1

  typescript@5.8.3: {}

  undici-types@6.21.0: {}
